{
  "name": "c15yo-printing",
  "version": "1.0.2",
  "lockfileVersion": 1,
  "requires": true,
  "dependencies": {
    "base-64": {
      "version": "0.1.0",
      "resolved": "https://registry.npmjs.org/base-64/-/base-64-0.1.0.tgz",
      "integrity": "sha1-eAqZyE59YAJgNhURxId2E78k9rs="
    },
    "debug": {
      "version": "3.1.0",
      "resolved": "https://registry.npmjs.org/debug/-/debug-3.1.0.tgz",
      "integrity": "sha512-OX8XqP7/1a9cqkxYw2yXss15f26NKWBpDXQd0/uK/KPqdQhxbPa994hnzjcE2VqQpDslf55723cKPUOGSmMY3g==",
      "requires": {
        "ms": "2.0.0"
      }
    },
    "dns-js": {
      "version": "0.2.1",
      "resolved": "https://registry.npmjs.org/dns-js/-/dns-js-0.2.1.tgz",
      "integrity": "sha1-XWZimzwOal6w4U8K5wHQX26kZnM=",
      "requires": {
        "debug": "^2.1.0",
        "qap": "^3.1.2"
      },
      "dependencies": {
        "debug": {
          "version": "2.6.9",
          "resolved": "https://registry.npmjs.org/debug/-/debug-2.6.9.tgz",
          "integrity": "sha512-bC7ElrdJaJnPbAP+1EotYvqZsb3ecl5wi6Bfi6BJTUcNowp6cvspg0jXznRTKDjm/E7AdgFBVeAPVMNcKGsHMA==",
          "requires": {
            "ms": "2.0.0"
          }
        }
      }
    },
    "ipp": {
      "version": "2.0.1",
      "resolved": "https://registry.npmjs.org/ipp/-/ipp-2.0.1.tgz",
      "integrity": "sha512-p5dO2BXAVDnkv6IhUBupwydkq5/uw+DE+MGXnYzziNK1AtuLgbT9dFfJ3f8pA+J21n43TYipm6et/hTDEFJU/A=="
    },
    "lodash": {
      "version": "4.17.10",
      "resolved": "https://registry.npmjs.org/lodash/-/lodash-4.17.10.tgz",
      "integrity": "sha512-UejweD1pDoXu+AD825lWwp4ZGtSwgnpZxb3JDViD7StjQz+Nb/6l093lx4OQ0foGWNRoc19mWy7BzL+UAK2iVg=="
    },
    "mdns-js": {
      "version": "1.0.1",
      "resolved": "https://registry.npmjs.org/mdns-js/-/mdns-js-1.0.1.tgz",
      "integrity": "sha512-dwEtMzmoZCQcGlr004J4m2+W6dCMpCoGQ5kYIEY+7rMPdMM7ztT+1qD9ExmottvLGgbqAVsjllhwU8PyusecPg==",
      "requires": {
        "debug": "^3.1.0",
        "dns-js": "~0.2.1",
        "semver": "^5.4.1"
      }
    },
    "moment": {
      "version": "2.22.1",
      "resolved": "https://registry.npmjs.org/moment/-/moment-2.22.1.tgz",
      "integrity": "sha512-shJkRTSebXvsVqk56I+lkb2latjBs8I+pc2TzWc545y2iFnSjm7Wg0QMh+ZWcdSLQyGEau5jI8ocnmkyTgr9YQ=="
    },
    "ms": {
      "version": "2.0.0",
      "resolved": "https://registry.npmjs.org/ms/-/ms-2.0.0.tgz",
      "integrity": "sha1-VgiurfwAvmwpAd9fmGF4jeDVl8g="
    },
    "qap": {
      "version": "3.3.1",
      "resolved": "https://registry.npmjs.org/qap/-/qap-3.3.1.tgz",
      "integrity": "sha1-Efno+oiQ/ny5khDA9E0GE7c3LKw="
    },
    "semver": {
      "version": "5.5.0",
      "resolved": "https://registry.npmjs.org/semver/-/semver-5.5.0.tgz",
      "integrity": "sha512-4SJ3dm0WAwWy/NVeioZh5AntkdJoWKxHxcmyP622fOkgHa4z3R0TdBJICINyaSDE6uNwVc8gZr+ZinwZAH4xIA=="
    },
    "uuid": {
      "version": "3.2.1",
      "resolved": "https://registry.npmjs.org/uuid/-/uuid-3.2.1.tgz",
      "integrity": "sha512-jZnMwlb9Iku/O3smGWvZhauCf6cvvpKi4BKRiliS3cxnI+Gz9j5MEpTz2UFuXiKPJocb7gnsLHwiS05ige5BEA=="
    }
  }
}
